uuid: 8a8b34a1-9440-4fec-b59e-6207ed062f83
langcode: en
status: false
dependencies:
  content:
    - 'block_content:basic:1f5fa21d-094d-4e89-abf6-07aa1e532066'
  module:
    - block_content
    - system
  theme:
    - corporateplus
id: corporateplus_fancyblock
theme: corporateplus
region: slideout
weight: -57
provider: null
plugin: 'block_content:1f5fa21d-094d-4e89-abf6-07aa1e532066'
settings:
  id: 'block_content:1f5fa21d-094d-4e89-abf6-07aa1e532066'
  label: 'Fancy block'
  provider: block_content
  label_display: '0'
  status: true
  info: ''
  view_mode: full
visibility:
  request_path:
    id: request_path
    pages: /blocks
    negate: false
    context_mapping: {  }
