uuid: cbe864c7-1bbb-4800-be42-8cb5161764cc
langcode: de
status: true
dependencies:
  enforced:
    module:
      - gutenberg
  module:
    - block_content
_core:
  default_config_hash: 0nRdlyXwWiWvI4FdhHFKcKfOGaW3sirwqY0dUr5JIlg
id: block_content.reusable_block
label: 'Wiederverwendbarer Block'
targetEntityType: block_content
cache: true
